<?xml version="1.0" encoding="utf-8"?>
<Project ToolsVersion="4.0" xmlns="http://schemas.microsoft.com/developer/msbuild/2003">
  <ItemGroup>
    <Filter Include="Source Files">
      <UniqueIdentifier>{4FC737F1-C7A5-4376-A066-2A32D752A2FF}</UniqueIdentifier>
      <Extensions>qml;cpp;c;cc;cxx;def;odl;idl;hpj;bat;asm;asmx</Extensions>
    </Filter>
    <Filter Include="Header Files">
      <UniqueIdentifier>{93995380-89BD-4b04-88EB-625FBE52EBFB}</UniqueIdentifier>
      <Extensions>h;hh;hpp;hxx;hm;inl;inc;xsd</Extensions>
    </Filter>
    <Filter Include="Resource Files">
      <UniqueIdentifier>{67DA6AB6-F800-4c08-8B7A-83BB121AAD01}</UniqueIdentifier>
      <Extensions>qrc;rc;ico;cur;bmp;dlg;rc2;rct;bin;rgs;gif;jpg;jpeg;jpe;resx;tiff;tif;png;wav;mfcribbon-ms</Extensions>
    </Filter>
    <Filter Include="Form Files">
      <UniqueIdentifier>{99349809-55BA-4b9d-BF79-8FDBB0286EB3}</UniqueIdentifier>
      <Extensions>ui</Extensions>
    </Filter>
    <Filter Include="Translation Files">
      <UniqueIdentifier>{639EADAA-A684-42e4-A9AD-28FC9BCB8F7C}</UniqueIdentifier>
      <Extensions>ts</Extensions>
    </Filter>
  </ItemGroup>
  <ItemGroup>
    <QtRcc Include="MessageClient.qrc">
      <Filter>Resource Files</Filter>
    </QtRcc>
    <QtMoc Include="1.Login\LoginWidget.h">
      <Filter>Header Files</Filter>
    </QtMoc>
    <ClCompile Include="1.Login\LoginWidget.cpp">
      <Filter>Source Files</Filter>
    </ClCompile>
  </ItemGroup>
  <ItemGroup>
    <ClCompile Include="main.cpp">
      <Filter>Source Files</Filter>
    </ClCompile>
    <ClCompile Include="1.Login\RegWidget.cpp">
      <Filter>Source Files</Filter>
    </ClCompile>
    <ClCompile Include="0.Conn\ConnectServer.cpp">
      <Filter>Source Files</Filter>
    </ClCompile>
    <ClCompile Include="1.Login\RegSuccessWidget.cpp">
      <Filter>Source Files</Filter>
    </ClCompile>
    <ClCompile Include="0.Conn\Service.cpp">
      <Filter>Source Files</Filter>
    </ClCompile>
    <ClCompile Include="1.Login\service\RegService.cpp">
      <Filter>Source Files</Filter>
    </ClCompile>
    <ClCompile Include="1.Login\service\LoginService.cpp">
      <Filter>Source Files</Filter>
    </ClCompile>
    <ClCompile Include="1.Login\service\RegSuccessService.cpp">
      <Filter>Source Files</Filter>
    </ClCompile>
    <ClCompile Include="2.Home\HomeWidget.cpp">
      <Filter>Source Files</Filter>
    </ClCompile>
    <ClCompile Include="2.Home\service\HomeService.cpp">
      <Filter>Source Files</Filter>
    </ClCompile>
    <ClCompile Include="3.Message\MessageWidget.cpp">
      <Filter>Source Files</Filter>
    </ClCompile>
    <ClCompile Include="3.Message\service\MessageService.cpp">
      <Filter>Source Files</Filter>
    </ClCompile>
    <ClCompile Include="4.Friend\FriendWidget.cpp">
      <Filter>Source Files</Filter>
    </ClCompile>
    <ClCompile Include="4.Friend\service\FriendService.cpp">
      <Filter>Source Files</Filter>
    </ClCompile>
    <ClCompile Include="4.Friend\AddFriendWidget.cpp">
      <Filter>Source Files</Filter>
    </ClCompile>
    <ClCompile Include="4.Friend\service\AddFriendService.cpp">
      <Filter>Source Files</Filter>
    </ClCompile>
    <ClCompile Include="0.pub\pub.cache.cpp">
      <Filter>Source Files</Filter>
    </ClCompile>
    <ClCompile Include="4.Friend\SearchResWidget.cpp">
      <Filter>Source Files</Filter>
    </ClCompile>
    <ClCompile Include="5.ChatAi\ChatAiWidget.cpp">
      <Filter>Source Files</Filter>
    </ClCompile>
    <ClCompile Include="4.Friend\FriendNoticeWidget.cpp">
      <Filter>Source Files</Filter>
    </ClCompile>
    <ClCompile Include="4.Friend\service\FriendNoticeService.cpp">
      <Filter>Source Files</Filter>
    </ClCompile>
    <ClCompile Include="4.Friend\AddFriendAnsWidget.cpp">
      <Filter>Source Files</Filter>
    </ClCompile>
    <ClCompile Include="4.Friend\FriendNoticeResWidget.cpp">
      <Filter>Source Files</Filter>
    </ClCompile>
    <ClCompile Include="4.Friend\AcceptFriendApplyAnsWidget.cpp">
      <Filter>Source Files</Filter>
    </ClCompile>
    <ClCompile Include="4.Friend\FriendshipItemWidget.cpp">
      <Filter>Source Files</Filter>
    </ClCompile>
    <ClCompile Include="4.Friend\FriendInformationWidget.cpp">
      <Filter>Source Files</Filter>
    </ClCompile>
    <ClCompile Include="0.Conn\SqliteOperator.cpp">
      <Filter>Source Files</Filter>
    </ClCompile>
    <ClCompile Include="3.Message\MessageLstItemWidget.cpp">
      <Filter>Source Files</Filter>
    </ClCompile>
  </ItemGroup>
  <ItemGroup>
    <QtUic Include="1.Login\ui\LoginWidget.ui">
      <Filter>Form Files</Filter>
    </QtUic>
    <QtUic Include="1.Login\ui\RegWidget.ui">
      <Filter>Form Files</Filter>
    </QtUic>
    <QtUic Include="1.Login\ui\RegSuccessWidget.ui">
      <Filter>Form Files</Filter>
    </QtUic>
    <QtUic Include="2.Home\ui\HomeWidget.ui">
      <Filter>Form Files</Filter>
    </QtUic>
    <QtUic Include="3.Message\ui\MessageWidget.ui">
      <Filter>Form Files</Filter>
    </QtUic>
    <QtUic Include="4.Friend\ui\FriendWidget.ui">
      <Filter>Form Files</Filter>
    </QtUic>
    <QtUic Include="4.Friend\ui\AddFriendWidget.ui">
      <Filter>Form Files</Filter>
    </QtUic>
    <QtUic Include="4.Friend\ui\SearchResWidget.ui">
      <Filter>Form Files</Filter>
    </QtUic>
    <QtUic Include="5.ChatAi\ui\ChatAiWidget.ui">
      <Filter>Form Files</Filter>
    </QtUic>
    <QtUic Include="4.Friend\ui\FriendNoticeWidget.ui">
      <Filter>Form Files</Filter>
    </QtUic>
    <QtUic Include="4.Friend\ui\AddFriendAnsWidget.ui">
      <Filter>Form Files</Filter>
    </QtUic>
    <QtUic Include="4.Friend\ui\FriendNoticeResWidget.ui">
      <Filter>Form Files</Filter>
    </QtUic>
    <QtUic Include="4.Friend\ui\AcceptFriendApplyAnsWidget.ui">
      <Filter>Form Files</Filter>
    </QtUic>
    <QtUic Include="4.Friend\ui\FriendshipItemWidget.ui">
      <Filter>Form Files</Filter>
    </QtUic>
    <QtUic Include="4.Friend\ui\FriendInformationWidget.ui">
      <Filter>Form Files</Filter>
    </QtUic>
    <QtUic Include="3.Message\ui\MessageLstItemWidget.ui">
      <Filter>Form Files</Filter>
    </QtUic>
  </ItemGroup>
  <ItemGroup>
    <None Include="0.ui\LoginWidget.css" />
    <None Include="0.ui\RegWidget.css" />
    <None Include="0.ui\RegSuccessWidget.css" />
    <None Include="0.ui\HomeWidget.css" />
  </ItemGroup>
  <ItemGroup>
    <ClInclude Include="0.pub\pub_func.hpp">
      <Filter>Header Files</Filter>
    </ClInclude>
    <ClInclude Include="0.pub\json.hpp">
      <Filter>Header Files</Filter>
    </ClInclude>
    <ClInclude Include="0.pub\pub.const.h">
      <Filter>Header Files</Filter>
    </ClInclude>
    <ClInclude Include="0.pub\pub.cache.h">
      <Filter>Header Files</Filter>
    </ClInclude>
    <ClInclude Include="0.pub\user.hpp">
      <Filter>Header Files</Filter>
    </ClInclude>
  </ItemGroup>
  <ItemGroup>
    <QtMoc Include="1.Login\RegWidget.h">
      <Filter>Header Files</Filter>
    </QtMoc>
    <QtMoc Include="0.Conn\ConnectServer.h">
      <Filter>Header Files</Filter>
    </QtMoc>
    <QtMoc Include="0.Conn\Service.h">
      <Filter>Header Files</Filter>
    </QtMoc>
    <QtMoc Include="1.Login\service\RegService.h">
      <Filter>Header Files</Filter>
    </QtMoc>
    <QtMoc Include="1.Login\service\LoginService.h">
      <Filter>Header Files</Filter>
    </QtMoc>
    <QtMoc Include="1.Login\service\RegSuccessService.h">
      <Filter>Header Files</Filter>
    </QtMoc>
    <QtMoc Include="1.Login\RegSuccessWidget.h">
      <Filter>Header Files</Filter>
    </QtMoc>
    <QtMoc Include="2.Home\HomeWidget.h">
      <Filter>Header Files</Filter>
    </QtMoc>
    <QtMoc Include="2.Home\service\HomeService.h">
      <Filter>Header Files</Filter>
    </QtMoc>
    <QtMoc Include="3.Message\MessageWidget.h">
      <Filter>Header Files</Filter>
    </QtMoc>
    <QtMoc Include="4.Friend\FriendWidget.h">
      <Filter>Header Files</Filter>
    </QtMoc>
    <QtMoc Include="3.Message\service\MessageService.h">
      <Filter>Header Files</Filter>
    </QtMoc>
    <QtMoc Include="4.Friend\service\FriendService.h">
      <Filter>Header Files</Filter>
    </QtMoc>
    <QtMoc Include="4.Friend\service\AddFriendService.h">
      <Filter>Header Files</Filter>
    </QtMoc>
    <QtMoc Include="4.Friend\SearchResWidget.h">
      <Filter>Header Files</Filter>
    </QtMoc>
    <QtMoc Include="4.Friend\AddFriendWidget.h">
      <Filter>Header Files</Filter>
    </QtMoc>
    <QtMoc Include="5.ChatAi\ChatAiWidget.h">
      <Filter>Header Files</Filter>
    </QtMoc>
    <QtMoc Include="4.Friend\FriendNoticeWidget.h">
      <Filter>Header Files</Filter>
    </QtMoc>
    <QtMoc Include="4.Friend\service\FriendNoticeService.h">
      <Filter>Header Files</Filter>
    </QtMoc>
    <QtMoc Include="4.Friend\AddFriendAnsWidget.h">
      <Filter>Header Files</Filter>
    </QtMoc>
    <QtMoc Include="4.Friend\FriendNoticeResWidget.h">
      <Filter>Header Files</Filter>
    </QtMoc>
    <QtMoc Include="4.Friend\AcceptFriendApplyAnsWidget.h">
      <Filter>Header Files</Filter>
    </QtMoc>
    <QtMoc Include="4.Friend\FriendshipItemWidget.h">
      <Filter>Header Files</Filter>
    </QtMoc>
    <QtMoc Include="4.Friend\FriendInformationWidget.h">
      <Filter>Header Files</Filter>
    </QtMoc>
    <QtMoc Include="0.Conn\SqliteOperator.h">
      <Filter>Header Files</Filter>
    </QtMoc>
    <QtMoc Include="3.Message\MessageLstItemWidget.h">
      <Filter>Header Files</Filter>
    </QtMoc>
  </ItemGroup>
</Project>